<?xml version="1.0" encoding="utf-8"?>
<Project ToolsVersion="4.0" xmlns="http://schemas.microsoft.com/developer/msbuild/2003">
  <ItemGroup>
    <ClCompile Include="main.cpp" />
    <ClCompile Include="stdafx.cpp" />
    <ClCompile Include="GameApp.cpp">
      <Filter>App</Filter>
    </ClCompile>
    <ClCompile Include="01_TriangleApp.cpp">
      <Filter>App\Examples</Filter>
    </ClCompile>
    <ClCompile Include="02_PipelinesApp.cpp">
      <Filter>App\Examples</Filter>
    </ClCompile>
    <ClCompile Include="03_DescriptorSets.cpp">
      <Filter>App\Examples</Filter>
    </ClCompile>
    <ClCompile Include="04_DynamicUniformBuffer.cpp">
      <Filter>App\Examples</Filter>
    </ClCompile>
    <ClCompile Include="05_PushConstants.cpp">
      <Filter>App\Examples</Filter>
    </ClCompile>
    <ClCompile Include="06_SpecializationConstants.cpp">
      <Filter>App\Examples</Filter>
    </ClCompile>
    <ClCompile Include="07_Texture.cpp">
      <Filter>App\Examples</Filter>
    </ClCompile>
    <ClCompile Include="08_TextureArrays.cpp">
      <Filter>App\Examples</Filter>
    </ClCompile>
    <ClCompile Include="09_TextureCubeMap.cpp">
      <Filter>App\Examples</Filter>
    </ClCompile>
    <ClCompile Include="10_TextureCubemapArray.cpp">
      <Filter>App\Examples</Filter>
    </ClCompile>
    <ClCompile Include="11_Texture3D.cpp">
      <Filter>App\Examples</Filter>
    </ClCompile>
    <ClCompile Include="12_InputAttachments.cpp">
      <Filter>App\Examples</Filter>
    </ClCompile>
    <ClCompile Include="13_Subpasses.cpp">
      <Filter>App\Examples</Filter>
    </ClCompile>
    <ClCompile Include="14_Offscreen.cpp">
      <Filter>App\Examples</Filter>
    </ClCompile>
    <ClCompile Include="15_ParticleSystem.cpp">
      <Filter>App\Examples</Filter>
    </ClCompile>
    <ClCompile Include="16_Stencilbuffer.cpp">
      <Filter>App\Examples</Filter>
    </ClCompile>
    <ClCompile Include="17_VertexAttributes.cpp">
      <Filter>App\Examples</Filter>
    </ClCompile>
  </ItemGroup>
  <ItemGroup>
    <ClInclude Include="stdafx.h" />
    <ClInclude Include="GameApp.h">
      <Filter>App</Filter>
    </ClInclude>
    <ClInclude Include="01_TriangleApp.h">
      <Filter>App\Examples</Filter>
    </ClInclude>
    <ClInclude Include="02_PipelinesApp.h">
      <Filter>App\Examples</Filter>
    </ClInclude>
    <ClInclude Include="03_DescriptorSets.h">
      <Filter>App\Examples</Filter>
    </ClInclude>
    <ClInclude Include="04_DynamicUniformBuffer.h">
      <Filter>App\Examples</Filter>
    </ClInclude>
    <ClInclude Include="05_PushConstants.h">
      <Filter>App\Examples</Filter>
    </ClInclude>
    <ClInclude Include="06_SpecializationConstants.h">
      <Filter>App\Examples</Filter>
    </ClInclude>
    <ClInclude Include="07_Texture.h">
      <Filter>App\Examples</Filter>
    </ClInclude>
    <ClInclude Include="08_TextureArrays.h">
      <Filter>App\Examples</Filter>
    </ClInclude>
    <ClInclude Include="09_TextureCubeMap.h">
      <Filter>App\Examples</Filter>
    </ClInclude>
    <ClInclude Include="10_TextureCubemapArray.h">
      <Filter>App\Examples</Filter>
    </ClInclude>
    <ClInclude Include="11_Texture3D.h">
      <Filter>App\Examples</Filter>
    </ClInclude>
    <ClInclude Include="12_InputAttachments.h">
      <Filter>App\Examples</Filter>
    </ClInclude>
    <ClInclude Include="13_Subpasses.h">
      <Filter>App\Examples</Filter>
    </ClInclude>
    <ClInclude Include="14_Offscreen.h">
      <Filter>App\Examples</Filter>
    </ClInclude>
    <ClInclude Include="15_ParticleSystem.h">
      <Filter>App\Examples</Filter>
    </ClInclude>
    <ClInclude Include="16_Stencilbuffer.h">
      <Filter>App\Examples</Filter>
    </ClInclude>
    <ClInclude Include="17_VertexAttributes.h">
      <Filter>App\Examples</Filter>
    </ClInclude>
  </ItemGroup>
  <ItemGroup>
    <Filter Include="App">
      <UniqueIdentifier>{742a5fa7-921d-46f5-961f-0165aa9ee3e0}</UniqueIdentifier>
    </Filter>
    <Filter Include="App\Examples">
      <UniqueIdentifier>{23b7cc76-d248-4e34-92aa-6a6e65d9f6f0}</UniqueIdentifier>
    </Filter>
  </ItemGroup>
</Project>