<?xml version="1.0" encoding="utf-8"?>
<Project ToolsVersion="4.0" xmlns="http://schemas.microsoft.com/developer/msbuild/2003">
  <ItemGroup>
    <ClCompile Include="stdafx.cpp" />
    <ClCompile Include="EngineApp.cpp">
      <Filter>App</Filter>
    </ClCompile>
    <ClCompile Include="Log.cpp">
      <Filter>Core</Filter>
    </ClCompile>
    <ClCompile Include="FileSystem.cpp">
      <Filter>Core</Filter>
    </ClCompile>
    <ClCompile Include="BaseApp.cpp">
      <Filter>Core</Filter>
    </ClCompile>
    <ClCompile Include="PlatformApp.cpp">
      <Filter>Core</Filter>
    </ClCompile>
    <ClCompile Include="VulkanApp.cpp">
      <Filter>Render</Filter>
    </ClCompile>
    <ClCompile Include="VulkanInstance.cpp">
      <Filter>Render\Vulkan</Filter>
    </ClCompile>
    <ClCompile Include="VulkanBuffer.cpp">
      <Filter>Render\Vulkan\old</Filter>
    </ClCompile>
    <ClCompile Include="VulkanDevice.cpp">
      <Filter>Render\Vulkan\old</Filter>
    </ClCompile>
    <ClCompile Include="VulkanglTFModel.cpp">
      <Filter>Render\Vulkan\old</Filter>
    </ClCompile>
    <ClCompile Include="VulkanTexture.cpp">
      <Filter>Render\Vulkan\old</Filter>
    </ClCompile>
    <ClCompile Include="VulkanTools.cpp">
      <Filter>Render\Vulkan\old</Filter>
    </ClCompile>
    <ClCompile Include="VulkanUIOverlay.cpp">
      <Filter>Render\Vulkan\old</Filter>
    </ClCompile>
    <ClCompile Include="VulkanAdapter.cpp">
      <Filter>Render\Vulkan</Filter>
    </ClCompile>
    <ClCompile Include="VulkanDebug.cpp">
      <Filter>Render\Vulkan</Filter>
    </ClCompile>
    <ClCompile Include="VulkanSwapChain.cpp">
      <Filter>Render\Vulkan</Filter>
    </ClCompile>
  </ItemGroup>
  <ItemGroup>
    <ClInclude Include="stdafx.h" />
    <ClInclude Include="BaseMacros.h">
      <Filter>Base</Filter>
    </ClInclude>
    <ClInclude Include="BaseFunc.h">
      <Filter>Base</Filter>
    </ClInclude>
    <ClInclude Include="ExampleClass.h">
      <Filter>Other</Filter>
    </ClInclude>
    <ClInclude Include="WindowsInclude.h">
      <Filter>Base</Filter>
    </ClInclude>
    <ClInclude Include="EngineApp.h">
      <Filter>App</Filter>
    </ClInclude>
    <ClInclude Include="Log.h">
      <Filter>Core</Filter>
    </ClInclude>
    <ClInclude Include="Camera.h">
      <Filter>Render</Filter>
    </ClInclude>
    <ClInclude Include="Frustum.h">
      <Filter>Render</Filter>
    </ClInclude>
    <ClInclude Include="KeyCodes.h">
      <Filter>Other</Filter>
    </ClInclude>
    <ClInclude Include="Benchmark.h">
      <Filter>Other</Filter>
    </ClInclude>
    <ClInclude Include="ThreadPool.h">
      <Filter>Other</Filter>
    </ClInclude>
    <ClInclude Include="FileSystem.h">
      <Filter>Core</Filter>
    </ClInclude>
    <ClInclude Include="BaseApp.h">
      <Filter>Core</Filter>
    </ClInclude>
    <ClInclude Include="PlatformApp.h">
      <Filter>Core</Filter>
    </ClInclude>
    <ClInclude Include="VulkanApp.h">
      <Filter>Render</Filter>
    </ClInclude>
    <ClInclude Include="VulkanInstance.h">
      <Filter>Render\Vulkan</Filter>
    </ClInclude>
    <ClInclude Include="VulkanBuffer.h">
      <Filter>Render\Vulkan\old</Filter>
    </ClInclude>
    <ClInclude Include="VulkanDevice.h">
      <Filter>Render\Vulkan\old</Filter>
    </ClInclude>
    <ClInclude Include="VulkanFrameBuffer.h">
      <Filter>Render\Vulkan\old</Filter>
    </ClInclude>
    <ClInclude Include="VulkanglTFModel.h">
      <Filter>Render\Vulkan\old</Filter>
    </ClInclude>
    <ClInclude Include="VulkanInitializers.h">
      <Filter>Render\Vulkan\old</Filter>
    </ClInclude>
    <ClInclude Include="VulkanTexture.h">
      <Filter>Render\Vulkan\old</Filter>
    </ClInclude>
    <ClInclude Include="VulkanTools.h">
      <Filter>Render\Vulkan\old</Filter>
    </ClInclude>
    <ClInclude Include="VulkanUIOverlay.h">
      <Filter>Render\Vulkan\old</Filter>
    </ClInclude>
    <ClInclude Include="VulkanAdapter.h">
      <Filter>Render\Vulkan</Filter>
    </ClInclude>
    <ClInclude Include="VulkanDebug.h">
      <Filter>Render\Vulkan</Filter>
    </ClInclude>
    <ClInclude Include="VulkanSwapChain.h">
      <Filter>Render\Vulkan</Filter>
    </ClInclude>
  </ItemGroup>
  <ItemGroup>
    <Filter Include="Base">
      <UniqueIdentifier>{8dded836-8e98-4a0a-8f35-d904da554be3}</UniqueIdentifier>
    </Filter>
    <Filter Include="Other">
      <UniqueIdentifier>{ea6b4c4d-4e0a-4f48-a412-0ab63c6fa375}</UniqueIdentifier>
    </Filter>
    <Filter Include="App">
      <UniqueIdentifier>{6fe40fe9-e3ad-4930-9e9c-7901e9a8a2d0}</UniqueIdentifier>
    </Filter>
    <Filter Include="Core">
      <UniqueIdentifier>{9783a5ce-ab38-408b-a309-0144d5f6b325}</UniqueIdentifier>
    </Filter>
    <Filter Include="Render">
      <UniqueIdentifier>{2c76ae7e-a0d6-4d0b-bfa0-2ae907bc93e1}</UniqueIdentifier>
    </Filter>
    <Filter Include="Render\Vulkan">
      <UniqueIdentifier>{808cc38a-c647-45cb-adc9-646e99397878}</UniqueIdentifier>
    </Filter>
    <Filter Include="Render\Vulkan\old">
      <UniqueIdentifier>{f5c2d3fd-0030-48be-9a23-e9b805b00862}</UniqueIdentifier>
    </Filter>
  </ItemGroup>
</Project>